// !$*UTF8*$!
{
	archiveVersion = 1;
	classes = {
	};
	objectVersion = 50;
	objects = {

/* Begin PBXBuildFile section */
		38EE237020EC16D80014ABC8 /* AppDelegate.swift in Sources */ = {isa = PBXBuildFile; fileRef = 38EE236F20EC16D80014ABC8 /* AppDelegate.swift */; };
		38EE237220EC16D80014ABC8 /* ViewController.swift in Sources */ = {isa = PBXBuildFile; fileRef = 38EE237120EC16D80014ABC8 /* ViewController.swift */; };
		38EE237520EC16D80014ABC8 /* Main.storyboard in Resources */ = {isa = PBXBuildFile; fileRef = 38EE237320EC16D80014ABC8 /* Main.storyboard */; };
		38EE237720EC16D90014ABC8 /* Assets.xcassets in Resources */ = {isa = PBXBuildFile; fileRef = 38EE237620EC16D90014ABC8 /* Assets.xcassets */; };
		38EE237A20EC16D90014ABC8 /* LaunchScreen.storyboard in Resources */ = {isa = PBXBuildFile; fileRef = 38EE237820EC16D90014ABC8 /* LaunchScreen.storyboard */; };
		38EE238220EC16E10014ABC8 /* TypingIndicator.swift in Sources */ = {isa = PBXBuildFile; fileRef = 38EE238120EC16E10014ABC8 /* TypingIndicator.swift */; };
/* End PBXBuildFile section */

/* Begin PBXFileReference section */
		38EE236C20EC16D80014ABC8 /* TypingIndicator.app */ = {isa = PBXFileReference; explicitFileType = wrapper.application; includeInIndex = 0; path = TypingIndicator.app; sourceTree = BUILT_PRODUCTS_DIR; };
		38EE236F20EC16D80014ABC8 /* AppDelegate.swift */ = {isa = PBXFileReference; lastKnownFileType = sourcecode.swift; path = AppDelegate.swift; sourceTree = "<group>"; };
		38EE237120EC16D80014ABC8 /* ViewController.swift */ = {isa = PBXFileReference; lastKnownFileType = sourcecode.swift; path = ViewController.swift; sourceTree = "<group>"; };
		38EE237420EC16D80014ABC8 /* Base */ = {isa = PBXFileReference; lastKnownFileType = file.storyboard; name = Base; path = Base.lproj/Main.storyboard; sourceTree = "<group>"; };
		38EE237620EC16D90014ABC8 /* Assets.xcassets */ = {isa = PBXFileReference; lastKnownFileType = folder.assetcatalog; path = Assets.xcassets; sourceTree = "<group>"; };
		38EE237920EC16D90014ABC8 /* Base */ = {isa = PBXFileReference; lastKnownFileType = file.storyboard; name = Base; path = Base.lproj/LaunchScreen.storyboard; sourceTree = "<group>"; };
		38EE237B20EC16D90014ABC8 /* Info.plist */ = {isa = PBXFileReference; lastKnownFileType = text.plist.xml; path = Info.plist; sourceTree = "<group>"; };
		38EE238120EC16E10014ABC8 /* TypingIndicator.swift */ = {isa = PBXFileReference; fileEncoding = 4; lastKnownFileType = sourcecode.swift; path = TypingIndicator.swift; sourceTree = "<group>"; };
/* End PBXFileReference section */

/* Begin PBXFrameworksBuildPhase section */
		38EE236920EC16D80014ABC8 /* Frameworks */ = {
			isa = PBXFrameworksBuildPhase;
			buildActionMask = 2147483647;
			files = (
			);
			runOnlyForDeploymentPostprocessing = 0;
		};
/* End PBXFrameworksBuildPhase section */

/* Begin PBXGroup section */
		38EE236320EC16D80014ABC8 = {
			isa = PBXGroup;
			children = (
				38EE236E20EC16D80014ABC8 /* TypingIndicator */,
				38EE236D20EC16D80014ABC8 /* Products */,
			);
			sourceTree = "<group>";
		};
		38EE236D20EC16D80014ABC8 /* Products */ = {
			isa = PBXGroup;
			children = (
				38EE236C20EC16D80014ABC8 /* TypingIndicator.app */,
			);
			name = Products;
			sourceTree = "<group>";
		};
		38EE236E20EC16D80014ABC8 /* TypingIndicator */ = {
			isa = PBXGroup;
			children = (
				38EE236F20EC16D80014ABC8 /* AppDelegate.swift */,
				38EE238120EC16E10014ABC8 /* TypingIndicator.swift */,
				38EE237120EC16D80014ABC8 /* ViewController.swift */,
				38EE237320EC16D80014ABC8 /* Main.storyboard */,
				38EE237620EC16D90014ABC8 /* Assets.xcassets */,
				38EE237820EC16D90014ABC8 /* LaunchScreen.storyboard */,
				38EE237B20EC16D90014ABC8 /* Info.plist */,
			);
			path = TypingIndicator;
			sourceTree = "<group>";
		};
/* End PBXGroup section */

/* Begin PBXNativeTarget section */
		38EE236B20EC16D80014ABC8 /* TypingIndicator */ = {
			isa = PBXNativeTarget;
			buildConfigurationList = 38EE237E20EC16D90014ABC8 /* Build configuration list for PBXNativeTarget "TypingIndicator" */;
			buildPhases = (
				38EE236820EC16D80014ABC8 /* Sources */,
				38EE236920EC16D80014ABC8 /* Frameworks */,
				38EE236A20EC16D80014ABC8 /* Resources */,
			);
			buildRules = (
			);
			dependencies = (
			);
			name = TypingIndicator;
			productName = TypingIndicator;
			productReference = 38EE236C20EC16D80014ABC8 /* TypingIndicator.app */;
			productType = "com.apple.product-type.application";
		};
/* End PBXNativeTarget section */

/* Begin PBXProject section */
		38EE236420EC16D80014ABC8 /* Project object */ = {
			isa = PBXProject;
			attributes = {
				LastSwiftUpdateCheck = 0940;
				LastUpgradeCheck = 0940;
				ORGANIZATIONNAME = "Nathan Tannar";
				TargetAttributes = {
					38EE236B20EC16D80014ABC8 = {
						CreatedOnToolsVersion = 9.4.1;
					};
				};
			};
			buildConfigurationList = 38EE236720EC16D80014ABC8 /* Build configuration list for PBXProject "TypingIndicator" */;
			compatibilityVersion = "Xcode 9.3";
			developmentRegion = en;
			hasScannedForEncodings = 0;
			knownRegions = (
				en,
				Base,
			);
			mainGroup = 38EE236320EC16D80014ABC8;
			productRefGroup = 38EE236D20EC16D80014ABC8 /* Products */;
			projectDirPath = "";
			projectRoot = "";
			targets = (
				38EE236B20EC16D80014ABC8 /* TypingIndicator */,
			);
		};
/* End PBXProject section */

/* Begin PBXResourcesBuildPhase section */
		38EE236A20EC16D80014ABC8 /* Resources */ = {
			isa = PBXResourcesBuildPhase;
			buildActionMask = 2147483647;
			files = (
				38EE237A20EC16D90014ABC8 /* LaunchScreen.storyboard in Resources */,
				38EE237720EC16D90014ABC8 /* Assets.xcassets in Resources */,
				38EE237520EC16D80014ABC8 /* Main.storyboard in Resources */,
			);
			runOnlyForDeploymentPostprocessing = 0;
		};
/* End PBXResourcesBuildPhase section */

/* Begin PBXSourcesBuildPhase section */
		38EE236820EC16D80014ABC8 /* Sources */ = {
			isa = PBXSourcesBuildPhase;
			buildActionMask = 2147483647;
			files = (
				38EE238220EC16E10014ABC8 /* TypingIndicator.swift in Sources */,
				38EE237220EC16D80014ABC8 /* ViewController.swift in Sources */,
				38EE237020EC16D80014ABC8 /* AppDelegate.swift in Sources */,
			);
			runOnlyForDeploymentPostprocessing = 0;
		};
/* End PBXSourcesBuildPhase section */

/* Begin PBXVariantGroup section */
		38EE237320EC16D80014ABC8 /* Main.storyboard */ = {
			isa = PBXVariantGroup;
			children = (
				38EE237420EC16D80014ABC8 /* Base */,
			);
			name = Main.storyboard;
			sourceTree = "<group>";
		};
		38EE237820EC16D90014ABC8 /* LaunchScreen.storyboard */ = {
			isa = PBXVariantGroup;
			children = (
				38EE237920EC16D90014ABC8 /* Base */,
			);
			name = LaunchScreen.storyboard;
			sourceTree = "<group>";
		};
/* End PBXVariantGroup section */

/* Begin XCBuildConfiguration section */
		38EE237C20EC16D90014ABC8 /* Debug */ = {
			isa = XCBuildConfiguration;
			buildSettings = {
				ALWAYS_SEARCH_USER_PATHS = NO;
				CLANG_ANALYZER_NONNULL = YES;
				CLANG_ANALYZER_NUMBER_OBJECT_CONVERSION = YES_AGGRESSIVE;
				CLANG_CXX_LANGUAGE_STANDARD = "gnu++14";
				CLANG_CXX_LIBRARY = "libc++";
				CLANG_ENABLE_MODULES = YES;
				CLANG_ENABLE_OBJC_ARC = YES;
				CLANG_ENABLE_OBJC_WEAK = YES;
				CLANG_WARN_BLOCK_CAPTURE_AUTORELEASING = YES;
				CLANG_WARN_BOOL_CONVERSION = YES;
				CLANG_WARN_COMMA = YES;
				CLANG_WARN_CONSTANT_CONVERSION = YES;
				CLANG_WARN_DEPRECATED_OBJC_IMPLEMENTATIONS = YES;
				CLANG_WARN_DIRECT_OBJC_ISA_USAGE = YES_ERROR;
				CLANG_WARN_DOCUMENTATION_COMMENTS = YES;
				CLANG_WARN_EMPTY_BODY = YES;
				CLANG_WARN_ENUM_CONVERSION = YES;
				CLANG_WARN_INFINITE_RECURSION = YES;
				CLANG_WARN_INT_CONVERSION = YES;
				CLANG_WARN_NON_LITERAL_NULL_CONVERSION = YES;
				CLANG_WARN_OBJC_IMPLICIT_RETAIN_SELF = YES;
				CLANG_WARN_OBJC_LITERAL_CONVERSION = YES;
				CLANG_WARN_OBJC_ROOT_CLASS = YES_ERROR;
				CLANG_WARN_RANGE_LOOP_ANALYSIS = YES;
				CLANG_WARN_STRICT_PROTOTYPES = YES;
				CLANG_WARN_SUSPICIOUS_MOVE = YES;
				CLANG_WARN_UNGUARDED_AVAILABILITY = YES_AGGRESSIVE;
				CLANG_WARN_UNREACHABLE_CODE = YES;
				CLANG_WARN__DUPLICATE_METHOD_MATCH = YES;
				CODE_SIGN_IDENTITY = "iPhone Developer";
				COPY_PHASE_STRIP = NO;
				DEBUG_INFORMATION_FORMAT = dwarf;
				ENABLE_STRICT_OBJC_MSGSEND = YES;
				ENABLE_TESTABILITY = YES;
				GCC_C_LANGUAGE_STANDARD = gnu11;
				GCC_DYNAMIC_NO_PIC = NO;
				GCC_NO_COMMON_BLOCKS = YES;
				GCC_OPTIMIZATION_LEVEL = 0;
				GCC_PREPROCESSOR_DEFINITIONS = (
					"DEBUG=1",
					"$(inherited)",
				);
				GCC_WARN_64_TO_32_BIT_CONVERSION = YES;
				GCC_WARN_ABOUT_RETURN_TYPE = YES_ERROR;
				GCC_WARN_UNDECLARED_SELECTOR = YES;
				GCC_WARN_UNINITIALIZED_AUTOS = YES_AGGRESSIVE;
				GCC_WARN_UNUSED_FUNCTION = YES;
				GCC_WARN_UNUSED_VARIABLE = YES;
				IPHONEOS_DEPLOYMENT_TARGET = 11.4;
				MTL_ENABLE_DEBUG_INFO = YES;
				ONLY_ACTIVE_ARCH = YES;
				SDKROOT = iphoneos;
				SWIFT_ACTIVE_COMPILATION_CONDITIONS = DEBUG;
				SWIFT_OPTIMIZATION_LEVEL = "-Onone";
			};
			name = Debug;
		};
		38EE237D20EC16D90014ABC8 /* Release */ = {
			isa = XCBuildConfiguration;
			buildSettings = {
				ALWAYS_SEARCH_USER_PATHS = NO;
				CLANG_ANALYZER_NONNULL = YES;
				CLANG_ANALYZER_NUMBER_OBJECT_CONVERSION = YES_AGGRESSIVE;
				CLANG_CXX_LANGUAGE_STANDARD = "gnu++14";
				CLANG_CXX_LIBRARY = "libc++";
				CLANG_ENABLE_MODULES = YES;
				CLANG_ENABLE_OBJC_ARC = YES;
				CLANG_ENABLE_OBJC_WEAK = YES;
				CLANG_WARN_BLOCK_CAPTURE_AUTORELEASING = YES;
				CLANG_WARN_BOOL_CONVERSION = YES;
				CLANG_WARN_COMMA = YES;
				CLANG_WARN_CONSTANT_CONVERSION = YES;
				CLANG_WARN_DEPRECATED_OBJC_IMPLEMENTATIONS = YES;
				CLANG_WARN_DIRECT_OBJC_ISA_USAGE = YES_ERROR;
				CLANG_WARN_DOCUMENTATION_COMMENTS = YES;
				CLANG_WARN_EMPTY_BODY = YES;
				CLANG_WARN_ENUM_CONVERSION = YES;
				CLANG_WARN_INFINITE_RECURSION = YES;
				CLANG_WARN_INT_CONVERSION = YES;
				CLANG_WARN_NON_LITERAL_NULL_CONVERSION = YES;
				CLANG_WARN_OBJC_IMPLICIT_RETAIN_SELF = YES;
				CLANG_WARN_OBJC_LITERAL_CONVERSION = YES;
				CLANG_WARN_OBJC_ROOT_CLASS = YES_ERROR;
				CLANG_WARN_RANGE_LOOP_ANALYSIS = YES;
				CLANG_WARN_STRICT_PROTOTYPES = YES;
				CLANG_WARN_SUSPICIOUS_MOVE = YES;
				CLANG_WARN_UNGUARDED_AVAILABILITY = YES_AGGRESSIVE;
				CLANG_WARN_UNREACHABLE_CODE = YES;
				CLANG_WARN__DUPLICATE_METHOD_MATCH = YES;
				CODE_SIGN_IDENTITY = "iPhone Developer";
				COPY_PHASE_STRIP = NO;
				DEBUG_INFORMATION_FORMAT = "dwarf-with-dsym";
				ENABLE_NS_ASSERTIONS = NO;
				ENABLE_STRICT_OBJC_MSGSEND = YES;
				GCC_C_LANGUAGE_STANDARD = gnu11;
				GCC_NO_COMMON_BLOCKS = YES;
				GCC_WARN_64_TO_32_BIT_CONVERSION = YES;
				GCC_WARN_ABOUT_RETURN_TYPE = YES_ERROR;
				GCC_WARN_UNDECLARED_SELECTOR = YES;
				GCC_WARN_UNINITIALIZED_AUTOS = YES_AGGRESSIVE;
				GCC_WARN_UNUSED_FUNCTION = YES;
				GCC_WARN_UNUSED_VARIABLE = YES;
				IPHONEOS_DEPLOYMENT_TARGET = 11.4;
				MTL_ENABLE_DEBUG_INFO = NO;
				SDKROOT = iphoneos;
				SWIFT_COMPILATION_MODE = wholemodule;
				SWIFT_OPTIMIZATION_LEVEL = "-O";
				VALIDATE_PRODUCT = YES;
			};
			name = Release;
		};
		38EE237F20EC16D90014ABC8 /* Debug */ = {
			isa = XCBuildConfiguration;
			buildSettings = {
				ASSETCATALOG_COMPILER_APPICON_NAME = AppIcon;
				CODE_SIGN_STYLE = Automatic;
				INFOPLIST_FILE = TypingIndicator/Info.plist;
				LD_RUNPATH_SEARCH_PATHS = (
					"$(inherited)",
					"@executable_path/Frameworks",
				);
				PRODUCT_BUNDLE_IDENTIFIER = me.nathantannar.TypingIndicator;
				PRODUCT_NAME = "$(TARGET_NAME)";
				SWIFT_VERSION = 4.0;
				TARGETED_DEVICE_FAMILY = "1,2";
			};
			name = Debug;
		};
		38EE238020EC16D90014ABC8 /* Release */ = {
			isa = XCBuildConfiguration;
			buildSettings = {
				ASSETCATALOG_COMPILER_APPICON_NAME = AppIcon;
				CODE_SIGN_STYLE = Automatic;
				INFOPLIST_FILE = TypingIndicator/Info.plist;
				LD_RUNPATH_SEARCH_PATHS = (
					"$(inherited)",
					"@executable_path/Frameworks",
				);
				PRODUCT_BUNDLE_IDENTIFIER = me.nathantannar.TypingIndicator;
				PRODUCT_NAME = "$(TARGET_NAME)";
				SWIFT_VERSION = 4.0;
				TARGETED_DEVICE_FAMILY = "1,2";
			};
			name = Release;
		};
/* End XCBuildConfiguration section */

/* Begin XCConfigurationList section */
		38EE236720EC16D80014ABC8 /* Build configuration list for PBXProject "TypingIndicator" */ = {
			isa = XCConfigurationList;
			buildConfigurations = (
				38EE237C20EC16D90014ABC8 /* Debug */,
				38EE237D20EC16D90014ABC8 /* Release */,
			);
			defaultConfigurationIsVisible = 0;
			defaultConfigurationName = Release;
		};
		38EE237E20EC16D90014ABC8 /* Build configuration list for PBXNativeTarget "TypingIndicator" */ = {
			isa = XCConfigurationList;
			buildConfigurations = (
				38EE237F20EC16D90014ABC8 /* Debug */,
				38EE238020EC16D90014ABC8 /* Release */,
			);
			defaultConfigurationIsVisible = 0;
			defaultConfigurationName = Release;
		};
/* End XCConfigurationList section */
	};
	rootObject = 38EE236420EC16D80014ABC8 /* Project object */;
}
